
Microsoft Visual Studio Solution File, Format Version 12.00
# Visual Studio Version 17
VisualStudioVersion = 17.14.36915.13
MinimumVisualStudioVersion = 10.0.40219.1
Project("{FAE04EC0-301F-11D3-BF4B-00C04F79EFBC}") = "TSL.WebApi", "TSL.WebApi\TSL.WebApi.csproj", "{B489EC07-E6EB-4B90-B381-1813CA14A51E}"
EndProject
Project("{2150E333-8FDC-42A3-9474-1A3956D46DE8}") = "Source", "Source", "{02EA681E-C7D8-13C7-8484-4AC65E1B71E8}"
EndProject
Project("{2150E333-8FDC-42A3-9474-1A3956D46DE8}") = "Core", "Core", "{391D0356-8B7B-428E-9AF9-D514C4758F81}"
EndProject
Project("{2150E333-8FDC-42A3-9474-1A3956D46DE8}") = "Infrastructure", "Infrastructure", "{96911232-B46F-412F-B696-968776DFF584}"
EndProject
Project("{2150E333-8FDC-42A3-9474-1A3956D46DE8}") = "Presentation", "Presentation", "{AE92F729-8D80-486F-AC26-C80EB28E6A24}"
EndProject
Project("{2150E333-8FDC-42A3-9474-1A3956D46DE8}") = "WebApi", "WebApi", "{9347E613-0542-45CD-975F-98B7AC058A22}"
EndProject
Project("{FAE04EC0-301F-11D3-BF4B-00C04F79EFBC}") = "TSL.Core.Application", "TSL.Core.Application\TSL.Core.Application.csproj", "{2079867A-6641-45CB-902C-F5548AE9A693}"
EndProject
Project("{FAE04EC0-301F-11D3-BF4B-00C04F79EFBC}") = "TSL.Core.Domain", "TSL.Core.Domain\TSL.Core.Domain.csproj", "{1313B815-4388-474D-873D-F42920019985}"
EndProject
Project("{FAE04EC0-301F-11D3-BF4B-00C04F79EFBC}") = "TSL.Infrastructure.Identity", "TSL.Infrastructure.Identity\TSL.Infrastructure.Identity.csproj", "{F2131FDD-1B42-4518-BE41-78D211FA9778}"
EndProject
Project("{FAE04EC0-301F-11D3-BF4B-00C04F79EFBC}") = "TSL.Infrastructure.Persistence", "TSL.Infrastructure.Persistence\TSL.Infrastructure.Persistence.csproj", "{1C447D2A-2805-4661-A523-D21055D70E04}"
EndProject
Global
	GlobalSection(SolutionConfigurationPlatforms) = preSolution
		Debug|Any CPU = Debug|Any CPU
		Release|Any CPU = Release|Any CPU
	EndGlobalSection
	GlobalSection(ProjectConfigurationPlatforms) = postSolution
		{B489EC07-E6EB-4B90-B381-1813CA14A51E}.Debug|Any CPU.ActiveCfg = Debug|Any CPU
		{B489EC07-E6EB-4B90-B381-1813CA14A51E}.Debug|Any CPU.Build.0 = Debug|Any CPU
		{B489EC07-E6EB-4B90-B381-1813CA14A51E}.Release|Any CPU.ActiveCfg = Release|Any CPU
		{B489EC07-E6EB-4B90-B381-1813CA14A51E}.Release|Any CPU.Build.0 = Release|Any CPU
		{2079867A-6641-45CB-902C-F5548AE9A693}.Debug|Any CPU.ActiveCfg = Debug|Any CPU
		{2079867A-6641-45CB-902C-F5548AE9A693}.Debug|Any CPU.Build.0 = Debug|Any CPU
		{2079867A-6641-45CB-902C-F5548AE9A693}.Release|Any CPU.ActiveCfg = Release|Any CPU
		{2079867A-6641-45CB-902C-F5548AE9A693}.Release|Any CPU.Build.0 = Release|Any CPU
		{1313B815-4388-474D-873D-F42920019985}.Debug|Any CPU.ActiveCfg = Debug|Any CPU
		{1313B815-4388-474D-873D-F42920019985}.Debug|Any CPU.Build.0 = Debug|Any CPU
		{1313B815-4388-474D-873D-F42920019985}.Release|Any CPU.ActiveCfg = Release|Any CPU
		{1313B815-4388-474D-873D-F42920019985}.Release|Any CPU.Build.0 = Release|Any CPU
		{F2131FDD-1B42-4518-BE41-78D211FA9778}.Debug|Any CPU.ActiveCfg = Debug|Any CPU
		{F2131FDD-1B42-4518-BE41-78D211FA9778}.Debug|Any CPU.Build.0 = Debug|Any CPU
		{F2131FDD-1B42-4518-BE41-78D211FA9778}.Release|Any CPU.ActiveCfg = Release|Any CPU
		{F2131FDD-1B42-4518-BE41-78D211FA9778}.Release|Any CPU.Build.0 = Release|Any CPU
		{1C447D2A-2805-4661-A523-D21055D70E04}.Debug|Any CPU.ActiveCfg = Debug|Any CPU
		{1C447D2A-2805-4661-A523-D21055D70E04}.Debug|Any CPU.Build.0 = Debug|Any CPU
		{1C447D2A-2805-4661-A523-D21055D70E04}.Release|Any CPU.ActiveCfg = Release|Any CPU
		{1C447D2A-2805-4661-A523-D21055D70E04}.Release|Any CPU.Build.0 = Release|Any CPU
	EndGlobalSection
	GlobalSection(SolutionProperties) = preSolution
		HideSolutionNode = FALSE
	EndGlobalSection
	GlobalSection(NestedProjects) = preSolution
		{B489EC07-E6EB-4B90-B381-1813CA14A51E} = {9347E613-0542-45CD-975F-98B7AC058A22}
		{391D0356-8B7B-428E-9AF9-D514C4758F81} = {02EA681E-C7D8-13C7-8484-4AC65E1B71E8}
		{96911232-B46F-412F-B696-968776DFF584} = {02EA681E-C7D8-13C7-8484-4AC65E1B71E8}
		{AE92F729-8D80-486F-AC26-C80EB28E6A24} = {02EA681E-C7D8-13C7-8484-4AC65E1B71E8}
		{9347E613-0542-45CD-975F-98B7AC058A22} = {AE92F729-8D80-486F-AC26-C80EB28E6A24}
		{2079867A-6641-45CB-902C-F5548AE9A693} = {391D0356-8B7B-428E-9AF9-D514C4758F81}
		{1313B815-4388-474D-873D-F42920019985} = {391D0356-8B7B-428E-9AF9-D514C4758F81}
		{F2131FDD-1B42-4518-BE41-78D211FA9778} = {96911232-B46F-412F-B696-968776DFF584}
		{1C447D2A-2805-4661-A523-D21055D70E04} = {96911232-B46F-412F-B696-968776DFF584}
	EndGlobalSection
	GlobalSection(ExtensibilityGlobals) = postSolution
		SolutionGuid = {811C9ACF-258F-4E8E-9A86-3E1BB2D76AE8}
	EndGlobalSection
EndGlobal
